
Microsoft Visual Studio Solution File, Format Version 12.00
# Visual Studio 15
VisualStudioVersion = 15.0.27130.2036
MinimumVisualStudioVersion = 10.0.40219.1
Project("{FAE04EC0-301F-11D3-BF4B-00C04F79EFBC}") = "WebAppNew", "WebAppNew\WebAppNew.csproj", "{794CB41D-A864-4F3D-880E-03B6BDA7F776}"
EndProject
Project("{E53339B2-1760-4266-BCC7-CA923CBCF16C}") = "docker-compose", "docker-compose.dcproj", "{FB1DDE53-89AD-4BED-BC75-9692FD18488F}"
EndProject
Global
	GlobalSection(SolutionConfigurationPlatforms) = preSolution
		Debug|Any CPU = Debug|Any CPU
		Release|Any CPU = Release|Any CPU
	EndGlobalSection
	GlobalSection(ProjectConfigurationPlatforms) = postSolution
		{794CB41D-A864-4F3D-880E-03B6BDA7F776}.Debug|Any CPU.ActiveCfg = Debug|Any CPU
		{794CB41D-A864-4F3D-880E-03B6BDA7F776}.Debug|Any CPU.Build.0 = Debug|Any CPU
		{794CB41D-A864-4F3D-880E-03B6BDA7F776}.Release|Any CPU.ActiveCfg = Release|Any CPU
		{794CB41D-A864-4F3D-880E-03B6BDA7F776}.Release|Any CPU.Build.0 = Release|Any CPU
		{FB1DDE53-89AD-4BED-BC75-9692FD18488F}.Debug|Any CPU.ActiveCfg = Debug|Any CPU
		{FB1DDE53-89AD-4BED-BC75-9692FD18488F}.Debug|Any CPU.Build.0 = Debug|Any CPU
		{FB1DDE53-89AD-4BED-BC75-9692FD18488F}.Release|Any CPU.ActiveCfg = Release|Any CPU
		{FB1DDE53-89AD-4BED-BC75-9692FD18488F}.Release|Any CPU.Build.0 = Release|Any CPU
	EndGlobalSection
	GlobalSection(SolutionProperties) = preSolution
		HideSolutionNode = FALSE
	EndGlobalSection
	GlobalSection(ExtensibilityGlobals) = postSolution
		SolutionGuid = {868A8B88-00B1-4F09-8FE2-8817F5454BB0}
	EndGlobalSection
EndGlobal
